
Microsoft Visual Studio Solution File, Format Version 12.00
# Visual Studio Version 17
VisualStudioVersion = 17.10.35122.118
MinimumVisualStudioVersion = 10.0.40219.1
Project("{FAE04EC0-301F-11D3-BF4B-00C04F79EFBC}") = "pigmalion-software-test", "pigmalion-software-test.csproj", "{C40E13AC-DE03-460B-872C-5E7BF7DCCEA4}"
EndProject
Global
	GlobalSection(SolutionConfigurationPlatforms) = preSolution
		Debug|Any CPU = Debug|Any CPU
		Release|Any CPU = Release|Any CPU
	EndGlobalSection
	GlobalSection(ProjectConfigurationPlatforms) = postSolution
		{C40E13AC-DE03-460B-872C-5E7BF7DCCEA4}.Debug|Any CPU.ActiveCfg = Debug|Any CPU
		{C40E13AC-DE03-460B-872C-5E7BF7DCCEA4}.Debug|Any CPU.Build.0 = Debug|Any CPU
		{C40E13AC-DE03-460B-872C-5E7BF7DCCEA4}.Release|Any CPU.ActiveCfg = Release|Any CPU
		{C40E13AC-DE03-460B-872C-5E7BF7DCCEA4}.Release|Any CPU.Build.0 = Release|Any CPU
	EndGlobalSection
	GlobalSection(SolutionProperties) = preSolution
		HideSolutionNode = FALSE
	EndGlobalSection
	GlobalSection(ExtensibilityGlobals) = postSolution
		SolutionGuid = {EE19D31E-29D2-4EFC-B389-4EB80A751340}
	EndGlobalSection
EndGlobal
